
Microsoft Visual Studio Solution File, Format Version 12.00
# Visual Studio Version 16
VisualStudioVersion = 16.0.31313.79
MinimumVisualStudioVersion = 10.0.40219.1
Project("{FAE04EC0-301F-11D3-BF4B-00C04F79EFBC}") = "RFID_Oyun", "RFID_Oyun\RFID_Oyun.csproj", "{9DB5DE07-E4C5-4BC0-81E4-892434B8E0B8}"
EndProject
Global
	GlobalSection(SolutionConfigurationPlatforms) = preSolution
		Debug|Any CPU = Debug|Any CPU
		Release|Any CPU = Release|Any CPU
	EndGlobalSection
	GlobalSection(ProjectConfigurationPlatforms) = postSolution
		{9DB5DE07-E4C5-4BC0-81E4-892434B8E0B8}.Debug|Any CPU.ActiveCfg = Debug|Any CPU
		{9DB5DE07-E4C5-4BC0-81E4-892434B8E0B8}.Debug|Any CPU.Build.0 = Debug|Any CPU
		{9DB5DE07-E4C5-4BC0-81E4-892434B8E0B8}.Release|Any CPU.ActiveCfg = Release|Any CPU
		{9DB5DE07-E4C5-4BC0-81E4-892434B8E0B8}.Release|Any CPU.Build.0 = Release|Any CPU
	EndGlobalSection
	GlobalSection(SolutionProperties) = preSolution
		HideSolutionNode = FALSE
	EndGlobalSection
	GlobalSection(ExtensibilityGlobals) = postSolution
		SolutionGuid = {57C13CB6-08E6-4642-B633-EA5B0AC99A13}
	EndGlobalSection
EndGlobal
